
Microsoft Visual Studio Solution File, Format Version 12.00
# Visual Studio Version 16
VisualStudioVersion = 16.0.30225.117
MinimumVisualStudioVersion = 10.0.40219.1
Project("{FAE04EC0-301F-11D3-BF4B-00C04F79EFBC}") = "TimeCalc", "TimeCalc\TimeCalc.csproj", "{A854DD72-9F86-41F2-B354-6735E00AD811}"
EndProject
Global
	GlobalSection(SolutionConfigurationPlatforms) = preSolution
		Debug|Any CPU = Debug|Any CPU
		Release|Any CPU = Release|Any CPU
	EndGlobalSection
	GlobalSection(ProjectConfigurationPlatforms) = postSolution
		{A854DD72-9F86-41F2-B354-6735E00AD811}.Debug|Any CPU.ActiveCfg = Debug|Any CPU
		{A854DD72-9F86-41F2-B354-6735E00AD811}.Debug|Any CPU.Build.0 = Debug|Any CPU
		{A854DD72-9F86-41F2-B354-6735E00AD811}.Release|Any CPU.ActiveCfg = Release|Any CPU
		{A854DD72-9F86-41F2-B354-6735E00AD811}.Release|Any CPU.Build.0 = Release|Any CPU
	EndGlobalSection
	GlobalSection(SolutionProperties) = preSolution
		HideSolutionNode = FALSE
	EndGlobalSection
	GlobalSection(ExtensibilityGlobals) = postSolution
		SolutionGuid = {8EAADB34-D79C-4A74-9E21-3B93044CDB3D}
	EndGlobalSection
EndGlobal
